// !$*UTF8*$!
{
	archiveVersion = 1;
	classes = {
	};
	objectVersion = 56;
	objects = {

/* Begin PBXBuildFile section */
		4124EFB429414A5E003B00F4 /* Assets.xcassets in Resources */ = {isa = PBXBuildFile; fileRef = 4124EFB329414A5E003B00F4 /* Assets.xcassets */; };
		4124EFB729414A5E003B00F4 /* Preview Assets.xcassets in Resources */ = {isa = PBXBuildFile; fileRef = 4124EFB629414A5E003B00F4 /* Preview Assets.xcassets */; };
		413833A429CC6A1B0093319F /* outset-pkg in CopyFiles */ = {isa = PBXBuildFile; fileRef = 413833A229CC69800093319F /* outset-pkg */; };
		41765AC829C8450800D616BF /* Library in CopyFiles */ = {isa = PBXBuildFile; fileRef = 4124EFCD29446FDE003B00F4 /* Library */; };
		41765ACA29C97B6400D616BF /* Services.swift in Sources */ = {isa = PBXBuildFile; fileRef = 41765AC929C97B6400D616BF /* Services.swift */; };
		41E28EA229ACDCD6002ADBE5 /* Outset.swift in Sources */ = {isa = PBXBuildFile; fileRef = 4124EF90293822F4003B00F4 /* Outset.swift */; };
		41E28EA329ACDCE3002ADBE5 /* FileUtils.swift in Sources */ = {isa = PBXBuildFile; fileRef = 4124EFA2293B2F9B003B00F4 /* FileUtils.swift */; };
		41E28EA429ACDCE3002ADBE5 /* Processing.swift in Sources */ = {isa = PBXBuildFile; fileRef = 4124EFA4293B304B003B00F4 /* Processing.swift */; };
		41E28EA529ACDCE3002ADBE5 /* SystemUtils.swift in Sources */ = {isa = PBXBuildFile; fileRef = 4124EF99293824C8003B00F4 /* SystemUtils.swift */; };
		41E28EA729ACDD1F002ADBE5 /* ArgumentParser in Frameworks */ = {isa = PBXBuildFile; productRef = 41E28EA629ACDD1F002ADBE5 /* ArgumentParser */; };
/* End PBXBuildFile section */

/* Begin PBXContainerItemProxy section */
		41A67A0D296BAE0F000BFFCE /* PBXContainerItemProxy */ = {
			isa = PBXContainerItemProxy;
			containerPortal = 4124EF85293822F3003B00F4 /* Project object */;
			proxyType = 1;
			remoteGlobalIDString = 4124EFAC29414A5D003B00F4;
			remoteInfo = Outset;
		};
/* End PBXContainerItemProxy section */

/* Begin PBXCopyFilesBuildPhase section */
		413833A329CC6A0C0093319F /* CopyFiles */ = {
			isa = PBXCopyFilesBuildPhase;
			buildActionMask = 2147483647;
			dstPath = "";
			dstSubfolderSpec = 7;
			files = (
				413833A429CC6A1B0093319F /* outset-pkg in CopyFiles */,
			);
			runOnlyForDeploymentPostprocessing = 0;
		};
		41765AC729C844F900D616BF /* CopyFiles */ = {
			isa = PBXCopyFilesBuildPhase;
			buildActionMask = 2147483647;
			dstPath = "${PROJECT_NAME}.app/Contents";
			dstSubfolderSpec = 16;
			files = (
				41765AC829C8450800D616BF /* Library in CopyFiles */,
			);
			runOnlyForDeploymentPostprocessing = 0;
		};
/* End PBXCopyFilesBuildPhase section */

/* Begin PBXFileReference section */
		4124EF90293822F4003B00F4 /* Outset.swift */ = {isa = PBXFileReference; lastKnownFileType = sourcecode.swift; path = Outset.swift; sourceTree = "<group>"; };
		4124EF99293824C8003B00F4 /* SystemUtils.swift */ = {isa = PBXFileReference; lastKnownFileType = sourcecode.swift; path = SystemUtils.swift; sourceTree = "<group>"; };
		4124EFA2293B2F9B003B00F4 /* FileUtils.swift */ = {isa = PBXFileReference; lastKnownFileType = sourcecode.swift; path = FileUtils.swift; sourceTree = "<group>"; };
		4124EFA4293B304B003B00F4 /* Processing.swift */ = {isa = PBXFileReference; lastKnownFileType = sourcecode.swift; path = Processing.swift; sourceTree = "<group>"; };
		4124EFAD29414A5D003B00F4 /* Outset.app */ = {isa = PBXFileReference; explicitFileType = wrapper.application; includeInIndex = 0; path = Outset.app; sourceTree = BUILT_PRODUCTS_DIR; };
		4124EFB329414A5E003B00F4 /* Assets.xcassets */ = {isa = PBXFileReference; lastKnownFileType = folder.assetcatalog; path = Assets.xcassets; sourceTree = "<group>"; };
		4124EFB629414A5E003B00F4 /* Preview Assets.xcassets */ = {isa = PBXFileReference; lastKnownFileType = folder.assetcatalog; path = "Preview Assets.xcassets"; sourceTree = "<group>"; };
		4124EFB829414A5E003B00F4 /* Outset.entitlements */ = {isa = PBXFileReference; lastKnownFileType = text.plist.entitlements; path = Outset.entitlements; sourceTree = "<group>"; };
		4124EFC329414DA4003B00F4 /* Info.plist */ = {isa = PBXFileReference; lastKnownFileType = text.plist; path = Info.plist; sourceTree = "<group>"; };
		4124EFCD29446FDE003B00F4 /* Library */ = {isa = PBXFileReference; lastKnownFileType = folder; path = Library; sourceTree = "<group>"; };
		413833A229CC69800093319F /* outset-pkg */ = {isa = PBXFileReference; lastKnownFileType = text.script.sh; path = "outset-pkg"; sourceTree = "<group>"; };
		41765AC929C97B6400D616BF /* Services.swift */ = {isa = PBXFileReference; lastKnownFileType = sourcecode.swift; path = Services.swift; sourceTree = "<group>"; };
		4188FE4A29CE7196003E39BD /* preinstall.sh */ = {isa = PBXFileReference; lastKnownFileType = text.script.sh; path = preinstall.sh; sourceTree = "<group>"; };
		41A679FE2966479E000BFFCE /* generatePackage.zsh */ = {isa = PBXFileReference; fileEncoding = 4; lastKnownFileType = text.script.sh; path = generatePackage.zsh; sourceTree = "<group>"; };
		41A67A04296B9711000BFFCE /* postinstall */ = {isa = PBXFileReference; lastKnownFileType = text.script.sh; path = postinstall; sourceTree = "<group>"; };
		41A67A0C296BADFE000BFFCE /* Outset Install Package.app */ = {isa = PBXFileReference; explicitFileType = wrapper.application; includeInIndex = 0; path = "Outset Install Package.app"; sourceTree = BUILT_PRODUCTS_DIR; };
		41A67A13296BF35F000BFFCE /* README.md */ = {isa = PBXFileReference; lastKnownFileType = net.daringfireball.markdown; path = README.md; sourceTree = "<group>"; };
		41ADC47C29AECB8B00C5B94C /* outset */ = {isa = PBXFileReference; lastKnownFileType = text.script.sh; path = outset; sourceTree = "<group>"; };
		41ADC47E29AF649C00C5B94C /* LICENSE.md */ = {isa = PBXFileReference; lastKnownFileType = net.daringfireball.markdown; path = LICENSE.md; sourceTree = "<group>"; };
/* End PBXFileReference section */

/* Begin PBXFrameworksBuildPhase section */
		4124EFAA29414A5D003B00F4 /* Frameworks */ = {
			isa = PBXFrameworksBuildPhase;
			buildActionMask = 2147483647;
			files = (
				41E28EA729ACDD1F002ADBE5 /* ArgumentParser in Frameworks */,
			);
			runOnlyForDeploymentPostprocessing = 0;
		};
/* End PBXFrameworksBuildPhase section */

/* Begin PBXGroup section */
		4124EF84293822F3003B00F4 = {
			isa = PBXGroup;
			children = (
				41A67A13296BF35F000BFFCE /* README.md */,
				41ADC47E29AF649C00C5B94C /* LICENSE.md */,
				41A679EA29659F4E000BFFCE /* Package */,
				4124EFAE29414A5D003B00F4 /* Outset */,
				4124EF8E293822F4003B00F4 /* Products */,
				4124EFC029414AD1003B00F4 /* Frameworks */,
			);
			sourceTree = "<group>";
		};
		4124EF8E293822F4003B00F4 /* Products */ = {
			isa = PBXGroup;
			children = (
				4124EFAD29414A5D003B00F4 /* Outset.app */,
				41A67A0C296BADFE000BFFCE /* Outset Install Package.app */,
			);
			name = Products;
			sourceTree = "<group>";
		};
		4124EFA6293B30D6003B00F4 /* Functions */ = {
			isa = PBXGroup;
			children = (
				4124EFA2293B2F9B003B00F4 /* FileUtils.swift */,
				4124EFA4293B304B003B00F4 /* Processing.swift */,
				4124EF99293824C8003B00F4 /* SystemUtils.swift */,
				41765AC929C97B6400D616BF /* Services.swift */,
			);
			path = Functions;
			sourceTree = "<group>";
		};
		4124EFAE29414A5D003B00F4 /* Outset */ = {
			isa = PBXGroup;
			children = (
				4124EF90293822F4003B00F4 /* Outset.swift */,
				4124EFA6293B30D6003B00F4 /* Functions */,
				4124EFC329414DA4003B00F4 /* Info.plist */,
				4124EFB329414A5E003B00F4 /* Assets.xcassets */,
				4124EFB829414A5E003B00F4 /* Outset.entitlements */,
				4124EFB529414A5E003B00F4 /* Preview Content */,
			);
			path = Outset;
			sourceTree = "<group>";
		};
		4124EFB529414A5E003B00F4 /* Preview Content */ = {
			isa = PBXGroup;
			children = (
				4124EFB629414A5E003B00F4 /* Preview Assets.xcassets */,
			);
			path = "Preview Content";
			sourceTree = "<group>";
		};
		4124EFC029414AD1003B00F4 /* Frameworks */ = {
			isa = PBXGroup;
			children = (
			);
			name = Frameworks;
			sourceTree = "<group>";
		};
		41A679EA29659F4E000BFFCE /* Package */ = {
			isa = PBXGroup;
			children = (
				4124EFCD29446FDE003B00F4 /* Library */,
				41A67A03296B93D1000BFFCE /* Scripts */,
				41A679FE2966479E000BFFCE /* generatePackage.zsh */,
				41ADC47C29AECB8B00C5B94C /* outset */,
				413833A229CC69800093319F /* outset-pkg */,
			);
			path = Package;
			sourceTree = "<group>";
		};
		41A67A03296B93D1000BFFCE /* Scripts */ = {
			isa = PBXGroup;
			children = (
				41A67A04296B9711000BFFCE /* postinstall */,
				4188FE4A29CE7196003E39BD /* preinstall.sh */,
			);
			path = Scripts;
			sourceTree = "<group>";
		};
/* End PBXGroup section */

/* Begin PBXNativeTarget section */
		4124EFAC29414A5D003B00F4 /* Outset */ = {
			isa = PBXNativeTarget;
			buildConfigurationList = 4124EFB929414A5E003B00F4 /* Build configuration list for PBXNativeTarget "Outset" */;
			buildPhases = (
				4124EFA929414A5D003B00F4 /* Sources */,
				4124EFAA29414A5D003B00F4 /* Frameworks */,
				4124EFAB29414A5D003B00F4 /* Resources */,
				41765AC729C844F900D616BF /* CopyFiles */,
				413833A329CC6A0C0093319F /* CopyFiles */,
				410A30F329B606070093A1CB /* ShellScript */,
			);
			buildRules = (
			);
			dependencies = (
			);
			name = Outset;
			packageProductDependencies = (
				41E28EA629ACDD1F002ADBE5 /* ArgumentParser */,
			);
			productName = Outset;
			productReference = 4124EFAD29414A5D003B00F4 /* Outset.app */;
			productType = "com.apple.product-type.application";
		};
		41A67A05296BADFE000BFFCE /* Outset Install Package */ = {
			isa = PBXNativeTarget;
			buildConfigurationList = 41A67A09296BADFE000BFFCE /* Build configuration list for PBXNativeTarget "Outset Install Package" */;
			buildPhases = (
				41A67A08296BADFE000BFFCE /* Generate Package */,
			);
			buildRules = (
			);
			dependencies = (
				41A67A0E296BAE0F000BFFCE /* PBXTargetDependency */,
			);
			name = "Outset Install Package";
			productName = OutsetInstaller;
			productReference = 41A67A0C296BADFE000BFFCE /* Outset Install Package.app */;
			productType = "com.apple.product-type.application";
		};
/* End PBXNativeTarget section */

/* Begin PBXProject section */
		4124EF85293822F3003B00F4 /* Project object */ = {
			isa = PBXProject;
			attributes = {
				BuildIndependentTargetsInParallel = 1;
				LastSwiftUpdateCheck = 1420;
				LastUpgradeCheck = 1420;
				TargetAttributes = {
					4124EFAC29414A5D003B00F4 = {
						CreatedOnToolsVersion = 14.1;
						LastSwiftMigration = 1410;
					};
				};
			};
			buildConfigurationList = 4124EF88293822F3003B00F4 /* Build configuration list for PBXProject "Outset" */;
			compatibilityVersion = "Xcode 14.0";
			developmentRegion = en;
			hasScannedForEncodings = 0;
			knownRegions = (
				en,
				Base,
			);
			mainGroup = 4124EF84293822F3003B00F4;
			packageReferences = (
				4124EF9D293828E0003B00F4 /* XCRemoteSwiftPackageReference "swift-argument-parser" */,
			);
			productRefGroup = 4124EF8E293822F4003B00F4 /* Products */;
			projectDirPath = "";
			projectRoot = "";
			targets = (
				4124EFAC29414A5D003B00F4 /* Outset */,
				41A67A05296BADFE000BFFCE /* Outset Install Package */,
			);
		};
/* End PBXProject section */

/* Begin PBXResourcesBuildPhase section */
		4124EFAB29414A5D003B00F4 /* Resources */ = {
			isa = PBXResourcesBuildPhase;
			buildActionMask = 2147483647;
			files = (
				4124EFB729414A5E003B00F4 /* Preview Assets.xcassets in Resources */,
				4124EFB429414A5E003B00F4 /* Assets.xcassets in Resources */,
			);
			runOnlyForDeploymentPostprocessing = 0;
		};
/* End PBXResourcesBuildPhase section */

/* Begin PBXShellScriptBuildPhase section */
		410A30F329B606070093A1CB /* ShellScript */ = {
			isa = PBXShellScriptBuildPhase;
			alwaysOutOfDate = 1;
			buildActionMask = 2147483647;
			files = (
			);
			inputFileListPaths = (
			);
			inputPaths = (
			);
			outputFileListPaths = (
			);
			outputPaths = (
			);
			runOnlyForDeploymentPostprocessing = 0;
			shellPath = /bin/sh;
			shellScript = "# Type a script or drag a script file from your workspace to insert its path.\nif which swiftlint > /dev/null; then\n  swiftlint\nelse\n  echo \"warning: SwiftLint not installed, download from https://github.com/realm/SwiftLint\"\nfi\n";
		};
		41A67A08296BADFE000BFFCE /* Generate Package */ = {
			isa = PBXShellScriptBuildPhase;
			buildActionMask = 2147483647;
			files = (
			);
			inputFileListPaths = (
			);
			inputPaths = (
				"$(SRCROOT)/Package/generatePackage.zsh",
				"$(SRCROOT)/Package/Scripts",
				"$(SRCROOT)/Package/outset",
			);
			name = "Generate Package";
			outputFileListPaths = (
			);
			outputPaths = (
				"$(BUILT_PRODUCTS_DIR)/Outset.pkg",
			);
			runOnlyForDeploymentPostprocessing = 0;
			shellPath = /bin/sh;
			shellScript = ". \"${SCRIPT_INPUT_FILE_0}\"\n";
		};
/* End PBXShellScriptBuildPhase section */

/* Begin PBXSourcesBuildPhase section */
		4124EFA929414A5D003B00F4 /* Sources */ = {
			isa = PBXSourcesBuildPhase;
			buildActionMask = 2147483647;
			files = (
				41765ACA29C97B6400D616BF /* Services.swift in Sources */,
				41E28EA329ACDCE3002ADBE5 /* FileUtils.swift in Sources */,
				41E28EA429ACDCE3002ADBE5 /* Processing.swift in Sources */,
				41E28EA529ACDCE3002ADBE5 /* SystemUtils.swift in Sources */,
				41E28EA229ACDCD6002ADBE5 /* Outset.swift in Sources */,
			);
			runOnlyForDeploymentPostprocessing = 0;
		};
/* End PBXSourcesBuildPhase section */

/* Begin PBXTargetDependency section */
		41A67A0E296BAE0F000BFFCE /* PBXTargetDependency */ = {
			isa = PBXTargetDependency;
			target = 4124EFAC29414A5D003B00F4 /* Outset */;
			targetProxy = 41A67A0D296BAE0F000BFFCE /* PBXContainerItemProxy */;
		};
/* End PBXTargetDependency section */

/* Begin XCBuildConfiguration section */
		4124EF92293822F4003B00F4 /* Debug */ = {
			isa = XCBuildConfiguration;
			buildSettings = {
				ALWAYS_SEARCH_USER_PATHS = NO;
				CLANG_ANALYZER_NONNULL = YES;
				CLANG_ANALYZER_NUMBER_OBJECT_CONVERSION = YES_AGGRESSIVE;
				CLANG_CXX_LANGUAGE_STANDARD = "gnu++20";
				CLANG_ENABLE_MODULES = YES;
				CLANG_ENABLE_OBJC_ARC = YES;
				CLANG_ENABLE_OBJC_WEAK = YES;
				CLANG_WARN_BLOCK_CAPTURE_AUTORELEASING = YES;
				CLANG_WARN_BOOL_CONVERSION = YES;
				CLANG_WARN_COMMA = YES;
				CLANG_WARN_CONSTANT_CONVERSION = YES;
				CLANG_WARN_DEPRECATED_OBJC_IMPLEMENTATIONS = YES;
				CLANG_WARN_DIRECT_OBJC_ISA_USAGE = YES_ERROR;
				CLANG_WARN_DOCUMENTATION_COMMENTS = YES;
				CLANG_WARN_EMPTY_BODY = YES;
				CLANG_WARN_ENUM_CONVERSION = YES;
				CLANG_WARN_INFINITE_RECURSION = YES;
				CLANG_WARN_INT_CONVERSION = YES;
				CLANG_WARN_NON_LITERAL_NULL_CONVERSION = YES;
				CLANG_WARN_OBJC_IMPLICIT_RETAIN_SELF = YES;
				CLANG_WARN_OBJC_LITERAL_CONVERSION = YES;
				CLANG_WARN_OBJC_ROOT_CLASS = YES_ERROR;
				CLANG_WARN_QUOTED_INCLUDE_IN_FRAMEWORK_HEADER = YES;
				CLANG_WARN_RANGE_LOOP_ANALYSIS = YES;
				CLANG_WARN_STRICT_PROTOTYPES = YES;
				CLANG_WARN_SUSPICIOUS_MOVE = YES;
				CLANG_WARN_UNGUARDED_AVAILABILITY = YES_AGGRESSIVE;
				CLANG_WARN_UNREACHABLE_CODE = YES;
				CLANG_WARN__DUPLICATE_METHOD_MATCH = YES;
				COPY_PHASE_STRIP = NO;
				DEAD_CODE_STRIPPING = YES;
				DEBUG_INFORMATION_FORMAT = dwarf;
				ENABLE_STRICT_OBJC_MSGSEND = YES;
				ENABLE_TESTABILITY = YES;
				GCC_C_LANGUAGE_STANDARD = gnu11;
				GCC_DYNAMIC_NO_PIC = NO;
				GCC_NO_COMMON_BLOCKS = YES;
				GCC_OPTIMIZATION_LEVEL = 0;
				GCC_PREPROCESSOR_DEFINITIONS = (
					"DEBUG=1",
					"$(inherited)",
				);
				GCC_WARN_64_TO_32_BIT_CONVERSION = YES;
				GCC_WARN_ABOUT_RETURN_TYPE = YES_ERROR;
				GCC_WARN_UNDECLARED_SELECTOR = YES;
				GCC_WARN_UNINITIALIZED_AUTOS = YES_AGGRESSIVE;
				GCC_WARN_UNUSED_FUNCTION = YES;
				GCC_WARN_UNUSED_VARIABLE = YES;
				MACOSX_DEPLOYMENT_TARGET = 11.0;
				MTL_ENABLE_DEBUG_INFO = INCLUDE_SOURCE;
				MTL_FAST_MATH = YES;
				ONLY_ACTIVE_ARCH = YES;
				SDKROOT = macosx;
				SWIFT_ACTIVE_COMPILATION_CONDITIONS = DEBUG;
				SWIFT_OPTIMIZATION_LEVEL = "-Onone";
			};
			name = Debug;
		};
		4124EF93293822F4003B00F4 /* Release */ = {
			isa = XCBuildConfiguration;
			buildSettings = {
				ALWAYS_SEARCH_USER_PATHS = NO;
				CLANG_ANALYZER_NONNULL = YES;
				CLANG_ANALYZER_NUMBER_OBJECT_CONVERSION = YES_AGGRESSIVE;
				CLANG_CXX_LANGUAGE_STANDARD = "gnu++20";
				CLANG_ENABLE_MODULES = YES;
				CLANG_ENABLE_OBJC_ARC = YES;
				CLANG_ENABLE_OBJC_WEAK = YES;
				CLANG_WARN_BLOCK_CAPTURE_AUTORELEASING = YES;
				CLANG_WARN_BOOL_CONVERSION = YES;
				CLANG_WARN_COMMA = YES;
				CLANG_WARN_CONSTANT_CONVERSION = YES;
				CLANG_WARN_DEPRECATED_OBJC_IMPLEMENTATIONS = YES;
				CLANG_WARN_DIRECT_OBJC_ISA_USAGE = YES_ERROR;
				CLANG_WARN_DOCUMENTATION_COMMENTS = YES;
				CLANG_WARN_EMPTY_BODY = YES;
				CLANG_WARN_ENUM_CONVERSION = YES;
				CLANG_WARN_INFINITE_RECURSION = YES;
				CLANG_WARN_INT_CONVERSION = YES;
				CLANG_WARN_NON_LITERAL_NULL_CONVERSION = YES;
				CLANG_WARN_OBJC_IMPLICIT_RETAIN_SELF = YES;
				CLANG_WARN_OBJC_LITERAL_CONVERSION = YES;
				CLANG_WARN_OBJC_ROOT_CLASS = YES_ERROR;
				CLANG_WARN_QUOTED_INCLUDE_IN_FRAMEWORK_HEADER = YES;
				CLANG_WARN_RANGE_LOOP_ANALYSIS = YES;
				CLANG_WARN_STRICT_PROTOTYPES = YES;
				CLANG_WARN_SUSPICIOUS_MOVE = YES;
				CLANG_WARN_UNGUARDED_AVAILABILITY = YES_AGGRESSIVE;
				CLANG_WARN_UNREACHABLE_CODE = YES;
				CLANG_WARN__DUPLICATE_METHOD_MATCH = YES;
				COPY_PHASE_STRIP = NO;
				DEAD_CODE_STRIPPING = YES;
				DEBUG_INFORMATION_FORMAT = "dwarf-with-dsym";
				ENABLE_NS_ASSERTIONS = NO;
				ENABLE_STRICT_OBJC_MSGSEND = YES;
				GCC_C_LANGUAGE_STANDARD = gnu11;
				GCC_NO_COMMON_BLOCKS = YES;
				GCC_WARN_64_TO_32_BIT_CONVERSION = YES;
				GCC_WARN_ABOUT_RETURN_TYPE = YES_ERROR;
				GCC_WARN_UNDECLARED_SELECTOR = YES;
				GCC_WARN_UNINITIALIZED_AUTOS = YES_AGGRESSIVE;
				GCC_WARN_UNUSED_FUNCTION = YES;
				GCC_WARN_UNUSED_VARIABLE = YES;
				MACOSX_DEPLOYMENT_TARGET = 11.0;
				MTL_ENABLE_DEBUG_INFO = NO;
				MTL_FAST_MATH = YES;
				SDKROOT = macosx;
				SWIFT_COMPILATION_MODE = wholemodule;
				SWIFT_OPTIMIZATION_LEVEL = "-O";
			};
			name = Release;
		};
		4124EFBA29414A5E003B00F4 /* Debug */ = {
			isa = XCBuildConfiguration;
			buildSettings = {
				ASSETCATALOG_COMPILER_APPICON_NAME = AppIcon;
				ASSETCATALOG_COMPILER_GLOBAL_ACCENT_COLOR_NAME = AccentColor;
				CLANG_ENABLE_MODULES = YES;
				CODE_SIGN_ENTITLEMENTS = Outset/Outset.entitlements;
				CODE_SIGN_IDENTITY = "-";
				"CODE_SIGN_IDENTITY[sdk=macosx*]" = "-";
				CODE_SIGN_STYLE = Manual;
				COMBINE_HIDPI_IMAGES = YES;
				CURRENT_PROJECT_VERSION = 4;
				DEAD_CODE_STRIPPING = YES;
				DEVELOPMENT_ASSET_PATHS = "\"Outset/Preview Content\"";
				DEVELOPMENT_TEAM = "";
				ENABLE_HARDENED_RUNTIME = YES;
				ENABLE_PREVIEWS = YES;
				GENERATE_INFOPLIST_FILE = YES;
				INFOPLIST_FILE = Outset/Info.plist;
				INFOPLIST_KEY_LSApplicationCategoryType = "public.app-category.utilities";
				INFOPLIST_KEY_LSUIElement = YES;
				INFOPLIST_KEY_NSHumanReadableCopyright = "";
				LD_RUNPATH_SEARCH_PATHS = (
					"$(inherited)",
					"@executable_path/../Frameworks",
				);
				MACOSX_DEPLOYMENT_TARGET = 10.15;
				MARKETING_VERSION = "4.0.0-b2";
				PRODUCT_BUNDLE_IDENTIFIER = io.macadmins.Outset;
				PRODUCT_NAME = "$(TARGET_NAME)";
				PROVISIONING_PROFILE_SPECIFIER = "";
				SWIFT_EMIT_LOC_STRINGS = YES;
				SWIFT_OPTIMIZATION_LEVEL = "-Onone";
				SWIFT_VERSION = 5.0;
			};
			name = Debug;
		};
		4124EFBB29414A5E003B00F4 /* Release */ = {
			isa = XCBuildConfiguration;
			buildSettings = {
				ASSETCATALOG_COMPILER_APPICON_NAME = AppIcon;
				ASSETCATALOG_COMPILER_GLOBAL_ACCENT_COLOR_NAME = AccentColor;
				CLANG_ENABLE_MODULES = YES;
				CODE_SIGN_ENTITLEMENTS = Outset/Outset.entitlements;
				CODE_SIGN_IDENTITY = "-";
				"CODE_SIGN_IDENTITY[sdk=macosx*]" = "Developer ID Application";
				CODE_SIGN_STYLE = Manual;
				COMBINE_HIDPI_IMAGES = YES;
				CURRENT_PROJECT_VERSION = 4;
				DEAD_CODE_STRIPPING = YES;
				DEVELOPMENT_ASSET_PATHS = "\"Outset/Preview Content\"";
				DEVELOPMENT_TEAM = T4SK8ZXCXG;
				ENABLE_HARDENED_RUNTIME = YES;
				ENABLE_PREVIEWS = YES;
				GENERATE_INFOPLIST_FILE = YES;
				INFOPLIST_FILE = Outset/Info.plist;
				INFOPLIST_KEY_LSApplicationCategoryType = "public.app-category.utilities";
				INFOPLIST_KEY_LSUIElement = YES;
				INFOPLIST_KEY_NSHumanReadableCopyright = "";
				LD_RUNPATH_SEARCH_PATHS = (
					"$(inherited)",
					"@executable_path/../Frameworks",
				);
				MACOSX_DEPLOYMENT_TARGET = 10.15;
				MARKETING_VERSION = "4.0.0-b2";
				PRODUCT_BUNDLE_IDENTIFIER = io.macadmins.Outset;
				PRODUCT_NAME = "$(TARGET_NAME)";
				PROVISIONING_PROFILE_SPECIFIER = "";
				SWIFT_EMIT_LOC_STRINGS = YES;
				SWIFT_VERSION = 5.0;
			};
			name = Release;
		};
		41A67A0A296BADFE000BFFCE /* Debug */ = {
			isa = XCBuildConfiguration;
			buildSettings = {
				ASSETCATALOG_COMPILER_APPICON_NAME = AppIcon;
				ASSETCATALOG_COMPILER_GLOBAL_ACCENT_COLOR_NAME = AccentColor;
				CODE_SIGN_ENTITLEMENTS = OutsetInstaller/OutsetInstaller.entitlements;
				CODE_SIGN_IDENTITY = "Apple Development";
				"CODE_SIGN_IDENTITY[sdk=macosx*]" = "Apple Development";
				CODE_SIGN_STYLE = Automatic;
				CURRENT_PROJECT_VERSION = 4;
				DEAD_CODE_STRIPPING = YES;
				DEVELOPMENT_ASSET_PATHS = "";
				DEVELOPMENT_TEAM = T4SK8ZXCXG;
				ENABLE_HARDENED_RUNTIME = YES;
				ENABLE_PREVIEWS = YES;
				GENERATE_INFOPLIST_FILE = YES;
				"INFOPLIST_KEY_UIApplicationSceneManifest_Generation[sdk=iphoneos*]" = YES;
				"INFOPLIST_KEY_UIApplicationSceneManifest_Generation[sdk=iphonesimulator*]" = YES;
				"INFOPLIST_KEY_UIApplicationSupportsIndirectInputEvents[sdk=iphoneos*]" = YES;
				"INFOPLIST_KEY_UIApplicationSupportsIndirectInputEvents[sdk=iphonesimulator*]" = YES;
				"INFOPLIST_KEY_UILaunchScreen_Generation[sdk=iphoneos*]" = YES;
				"INFOPLIST_KEY_UILaunchScreen_Generation[sdk=iphonesimulator*]" = YES;
				"INFOPLIST_KEY_UIStatusBarStyle[sdk=iphoneos*]" = UIStatusBarStyleDefault;
				"INFOPLIST_KEY_UIStatusBarStyle[sdk=iphonesimulator*]" = UIStatusBarStyleDefault;
				INFOPLIST_KEY_UISupportedInterfaceOrientations_iPad = "UIInterfaceOrientationPortrait UIInterfaceOrientationPortraitUpsideDown UIInterfaceOrientationLandscapeLeft UIInterfaceOrientationLandscapeRight";
				IPHONEOS_DEPLOYMENT_TARGET = 16.2;
				LD_RUNPATH_SEARCH_PATHS = "@executable_path/Frameworks";
				"LD_RUNPATH_SEARCH_PATHS[sdk=macosx*]" = "@executable_path/../Frameworks";
				MACOSX_DEPLOYMENT_TARGET = 10.15;
				MARKETING_VERSION = 4.0;
				PRODUCT_BUNDLE_IDENTIFIER = io.macadmins.Outset;
				PRODUCT_NAME = "$(TARGET_NAME)";
				PROVISIONING_PROFILE_SPECIFIER = "";
				SDKROOT = auto;
				SUPPORTED_PLATFORMS = macosx;
				SUPPORTS_MACCATALYST = NO;
				SUPPORTS_MAC_DESIGNED_FOR_IPHONE_IPAD = NO;
				SWIFT_EMIT_LOC_STRINGS = YES;
				SWIFT_VERSION = 5.0;
			};
			name = Debug;
		};
		41A67A0B296BADFE000BFFCE /* Release */ = {
			isa = XCBuildConfiguration;
			buildSettings = {
				ASSETCATALOG_COMPILER_APPICON_NAME = AppIcon;
				ASSETCATALOG_COMPILER_GLOBAL_ACCENT_COLOR_NAME = AccentColor;
				CODE_SIGN_ENTITLEMENTS = OutsetInstaller/OutsetInstaller.entitlements;
				CODE_SIGN_IDENTITY = "Apple Development";
				"CODE_SIGN_IDENTITY[sdk=macosx*]" = "Apple Development";
				CODE_SIGN_STYLE = Automatic;
				CURRENT_PROJECT_VERSION = 4;
				DEAD_CODE_STRIPPING = YES;
				DEVELOPMENT_ASSET_PATHS = "";
				DEVELOPMENT_TEAM = T4SK8ZXCXG;
				ENABLE_HARDENED_RUNTIME = YES;
				ENABLE_PREVIEWS = YES;
				GENERATE_INFOPLIST_FILE = YES;
				"INFOPLIST_KEY_UIApplicationSceneManifest_Generation[sdk=iphoneos*]" = YES;
				"INFOPLIST_KEY_UIApplicationSceneManifest_Generation[sdk=iphonesimulator*]" = YES;
				"INFOPLIST_KEY_UIApplicationSupportsIndirectInputEvents[sdk=iphoneos*]" = YES;
				"INFOPLIST_KEY_UIApplicationSupportsIndirectInputEvents[sdk=iphonesimulator*]" = YES;
				"INFOPLIST_KEY_UILaunchScreen_Generation[sdk=iphoneos*]" = YES;
				"INFOPLIST_KEY_UILaunchScreen_Generation[sdk=iphonesimulator*]" = YES;
				"INFOPLIST_KEY_UIStatusBarStyle[sdk=iphoneos*]" = UIStatusBarStyleDefault;
				"INFOPLIST_KEY_UIStatusBarStyle[sdk=iphonesimulator*]" = UIStatusBarStyleDefault;
				INFOPLIST_KEY_UISupportedInterfaceOrientations_iPad = "UIInterfaceOrientationPortrait UIInterfaceOrientationPortraitUpsideDown UIInterfaceOrientationLandscapeLeft UIInterfaceOrientationLandscapeRight";
				IPHONEOS_DEPLOYMENT_TARGET = 16.2;
				LD_RUNPATH_SEARCH_PATHS = "@executable_path/Frameworks";
				"LD_RUNPATH_SEARCH_PATHS[sdk=macosx*]" = "@executable_path/../Frameworks";
				MACOSX_DEPLOYMENT_TARGET = 10.15;
				MARKETING_VERSION = 4.0;
				PRODUCT_BUNDLE_IDENTIFIER = io.macadmins.Outset;
				PRODUCT_NAME = "$(TARGET_NAME)";
				PROVISIONING_PROFILE_SPECIFIER = "";
				SDKROOT = auto;
				SUPPORTED_PLATFORMS = macosx;
				SUPPORTS_MACCATALYST = NO;
				SUPPORTS_MAC_DESIGNED_FOR_IPHONE_IPAD = NO;
				SWIFT_EMIT_LOC_STRINGS = YES;
				SWIFT_VERSION = 5.0;
			};
			name = Release;
		};
/* End XCBuildConfiguration section */

/* Begin XCConfigurationList section */
		4124EF88293822F3003B00F4 /* Build configuration list for PBXProject "Outset" */ = {
			isa = XCConfigurationList;
			buildConfigurations = (
				4124EF92293822F4003B00F4 /* Debug */,
				4124EF93293822F4003B00F4 /* Release */,
			);
			defaultConfigurationIsVisible = 0;
			defaultConfigurationName = Release;
		};
		4124EFB929414A5E003B00F4 /* Build configuration list for PBXNativeTarget "Outset" */ = {
			isa = XCConfigurationList;
			buildConfigurations = (
				4124EFBA29414A5E003B00F4 /* Debug */,
				4124EFBB29414A5E003B00F4 /* Release */,
			);
			defaultConfigurationIsVisible = 0;
			defaultConfigurationName = Release;
		};
		41A67A09296BADFE000BFFCE /* Build configuration list for PBXNativeTarget "Outset Install Package" */ = {
			isa = XCConfigurationList;
			buildConfigurations = (
				41A67A0A296BADFE000BFFCE /* Debug */,
				41A67A0B296BADFE000BFFCE /* Release */,
			);
			defaultConfigurationIsVisible = 0;
			defaultConfigurationName = Release;
		};
/* End XCConfigurationList section */

/* Begin XCRemoteSwiftPackageReference section */
		4124EF9D293828E0003B00F4 /* XCRemoteSwiftPackageReference "swift-argument-parser" */ = {
			isa = XCRemoteSwiftPackageReference;
			repositoryURL = "https://github.com/apple/swift-argument-parser.git";
			requirement = {
				kind = upToNextMajorVersion;
				minimumVersion = 1.0.0;
			};
		};
/* End XCRemoteSwiftPackageReference section */

/* Begin XCSwiftPackageProductDependency section */
		41E28EA629ACDD1F002ADBE5 /* ArgumentParser */ = {
			isa = XCSwiftPackageProductDependency;
			package = 4124EF9D293828E0003B00F4 /* XCRemoteSwiftPackageReference "swift-argument-parser" */;
			productName = ArgumentParser;
		};
/* End XCSwiftPackageProductDependency section */
	};
	rootObject = 4124EF85293822F3003B00F4 /* Project object */;
}
